// !$*UTF8*$!
{
	archiveVersion = 1;
	classes = {
	};
	objectVersion = 56;
	objects = {

/* Begin PBXBuildFile section */
		AB0B58A72A87BBD100F503D7 /* WebViewController.swift in Sources */ = {isa = PBXBuildFile; fileRef = AB0B58A62A87BBD100F503D7 /* WebViewController.swift */; };
		AB612AEA2A4EB7D500A052EE /* AppDelegate.swift in Sources */ = {isa = PBXBuildFile; fileRef = AB612AE92A4EB7D500A052EE /* AppDelegate.swift */; };
		AB612AEC2A4EB7D500A052EE /* SceneDelegate.swift in Sources */ = {isa = PBXBuildFile; fileRef = AB612AEB2A4EB7D500A052EE /* SceneDelegate.swift */; };
		AB612AEE2A4EB7D500A052EE /* ImageListViewController.swift in Sources */ = {isa = PBXBuildFile; fileRef = AB612AED2A4EB7D500A052EE /* ImageListViewController.swift */; };
		AB612AF12A4EB7D500A052EE /* Main.storyboard in Resources */ = {isa = PBXBuildFile; fileRef = AB612AEF2A4EB7D500A052EE /* Main.storyboard */; };
		AB612AF62A4EB7D500A052EE /* LaunchScreen.storyboard in Resources */ = {isa = PBXBuildFile; fileRef = AB612AF42A4EB7D500A052EE /* LaunchScreen.storyboard */; };
		AB612B022A54081400A052EE /* Assets.xcassets in Resources */ = {isa = PBXBuildFile; fileRef = AB612B012A54081400A052EE /* Assets.xcassets */; };
		AB612B052A54095100A052EE /* UIColor+Extensions.swift in Sources */ = {isa = PBXBuildFile; fileRef = AB612B042A54095100A052EE /* UIColor+Extensions.swift */; };
		AB612B082A54142000A052EE /* ImageListPresenter.swift in Sources */ = {isa = PBXBuildFile; fileRef = AB612B072A54142000A052EE /* ImageListPresenter.swift */; };
		AB8884DA2A8C16190082FA6B /* ProgressHUD in Frameworks */ = {isa = PBXBuildFile; productRef = AB8884D92A8C16190082FA6B /* ProgressHUD */; };
		AB8884DD2A8D67810082FA6B /* UIBlockingProgressHUD.swift in Sources */ = {isa = PBXBuildFile; fileRef = AB8884DC2A8D67810082FA6B /* UIBlockingProgressHUD.swift */; };
		AB8884E12A91278B0082FA6B /* ProfilePropertiesResponseBody.swift in Sources */ = {isa = PBXBuildFile; fileRef = AB8884E02A91278B0082FA6B /* ProfilePropertiesResponseBody.swift */; };
		AB8884E42A9129730082FA6B /* ProfilePropertiesModel.swift in Sources */ = {isa = PBXBuildFile; fileRef = AB8884E32A9129730082FA6B /* ProfilePropertiesModel.swift */; };
		AB8884E62A912A170082FA6B /* DataConverter.swift in Sources */ = {isa = PBXBuildFile; fileRef = AB8884E52A912A170082FA6B /* DataConverter.swift */; };
		AB8884E82A912C5F0082FA6B /* ProfileServiceProtocol.swift in Sources */ = {isa = PBXBuildFile; fileRef = AB8884E72A912C5F0082FA6B /* ProfileServiceProtocol.swift */; };
		AB8884EB2A912D8A0082FA6B /* ProfileService.swift in Sources */ = {isa = PBXBuildFile; fileRef = AB8884EA2A912D8A0082FA6B /* ProfileService.swift */; };
		AB8884EE2A913CC20082FA6B /* ProfilePresenter.swift in Sources */ = {isa = PBXBuildFile; fileRef = AB8884ED2A913CC20082FA6B /* ProfilePresenter.swift */; };
		AB8884F02A9148CD0082FA6B /* ProfileImageResponseBody.swift in Sources */ = {isa = PBXBuildFile; fileRef = AB8884EF2A9148CD0082FA6B /* ProfileImageResponseBody.swift */; };
		AB8884F22A914E330082FA6B /* ProfileModel.swift in Sources */ = {isa = PBXBuildFile; fileRef = AB8884F12A914E330082FA6B /* ProfileModel.swift */; };
		AB8884F42A9150040082FA6B /* URLSessionServise.swift in Sources */ = {isa = PBXBuildFile; fileRef = AB8884F32A9150040082FA6B /* URLSessionServise.swift */; };
		AB8884F72A9238100082FA6B /* Kingfisher in Frameworks */ = {isa = PBXBuildFile; productRef = AB8884F62A9238100082FA6B /* Kingfisher */; };
		ABA969242A87CB6E00581EA5 /* WebViewControllerDelegate.swift in Sources */ = {isa = PBXBuildFile; fileRef = ABA969232A87CB6E00581EA5 /* WebViewControllerDelegate.swift */; };
		ABA9692B2A88C67B00581EA5 /* OAuth2TokenRepository.swift in Sources */ = {isa = PBXBuildFile; fileRef = ABA9692A2A88C67B00581EA5 /* OAuth2TokenRepository.swift */; };
		ABA9692D2A88C7A100581EA5 /* OAuth2TokenRepositoryImplUserDefaults.swift in Sources */ = {isa = PBXBuildFile; fileRef = ABA9692C2A88C7A100581EA5 /* OAuth2TokenRepositoryImplUserDefaults.swift */; };
		ABA969342A88D44200581EA5 /* WebViewPresenter.swift in Sources */ = {isa = PBXBuildFile; fileRef = ABA969332A88D44200581EA5 /* WebViewPresenter.swift */; };
		ABA969362A88EAEF00581EA5 /* OAuth2Service.swift in Sources */ = {isa = PBXBuildFile; fileRef = ABA969352A88EAEF00581EA5 /* OAuth2Service.swift */; };
		ABA969382A88EBCB00581EA5 /* OAuthResponceBody.swift in Sources */ = {isa = PBXBuildFile; fileRef = ABA969372A88EBCB00581EA5 /* OAuthResponceBody.swift */; };
		ABA9693B2A88ECB700581EA5 /* NetworkError.swift in Sources */ = {isa = PBXBuildFile; fileRef = ABA9693A2A88ECB700581EA5 /* NetworkError.swift */; };
		ABA9693D2A88F0BF00581EA5 /* URLRequest+Extensions.swift in Sources */ = {isa = PBXBuildFile; fileRef = ABA9693C2A88F0BF00581EA5 /* URLRequest+Extensions.swift */; };
		ABA9693F2A88F18400581EA5 /* URLSession+Extensions.swift in Sources */ = {isa = PBXBuildFile; fileRef = ABA9693E2A88F18400581EA5 /* URLSession+Extensions.swift */; };
		ABA969412A89049300581EA5 /* AuthViewPresenter.swift in Sources */ = {isa = PBXBuildFile; fileRef = ABA969402A89049300581EA5 /* AuthViewPresenter.swift */; };
		ABA969432A89053500581EA5 /* OAuth2ServiceProtocol.swift in Sources */ = {isa = PBXBuildFile; fileRef = ABA969422A89053500581EA5 /* OAuth2ServiceProtocol.swift */; };
		ABA969452A89059700581EA5 /* Creator.swift in Sources */ = {isa = PBXBuildFile; fileRef = ABA969442A89059700581EA5 /* Creator.swift */; };
		ABA9694A2A8ABBE700581EA5 /* SplashViewController.swift in Sources */ = {isa = PBXBuildFile; fileRef = ABA969492A8ABBE700581EA5 /* SplashViewController.swift */; };
		ABA9694C2A8ABEB600581EA5 /* SplashViewPresenter.swift in Sources */ = {isa = PBXBuildFile; fileRef = ABA9694B2A8ABEB600581EA5 /* SplashViewPresenter.swift */; };
		ABB5D6CC2A7FB8960013A62E /* ProfileViewController.swift in Sources */ = {isa = PBXBuildFile; fileRef = ABB5D6CB2A7FB8960013A62E /* ProfileViewController.swift */; };
		ABB5D6D12A7FD3920013A62E /* SingleImageViewController.swift in Sources */ = {isa = PBXBuildFile; fileRef = ABB5D6D02A7FD3920013A62E /* SingleImageViewController.swift */; };
		ABBBA4142A54239B007BBEBE /* ImageListCell.swift in Sources */ = {isa = PBXBuildFile; fileRef = ABBBA4132A54239B007BBEBE /* ImageListCell.swift */; };
		ABD1BA792A6002A90030753D /* ImageListCell.xib in Resources */ = {isa = PBXBuildFile; fileRef = ABD1BA782A6002A90030753D /* ImageListCell.xib */; };
		ABE529E42A924F4B00C711C8 /* SwiftKeychainWrapper in Frameworks */ = {isa = PBXBuildFile; productRef = ABE529E32A924F4B00C711C8 /* SwiftKeychainWrapper */; };
		ABE529E62A9252EF00C711C8 /* OAuth2TokenRepositoryImplKeychain.swift in Sources */ = {isa = PBXBuildFile; fileRef = ABE529E52A9252EF00C711C8 /* OAuth2TokenRepositoryImplKeychain.swift */; };
		ABF0A22E2A879F0D003F2448 /* UnsplashApiParameters.swift in Sources */ = {isa = PBXBuildFile; fileRef = ABF0A22D2A879F0D003F2448 /* UnsplashApiParameters.swift */; };
		ABF0A2312A87BA64003F2448 /* AuthViewController.swift in Sources */ = {isa = PBXBuildFile; fileRef = ABF0A2302A87BA64003F2448 /* AuthViewController.swift */; };
/* End PBXBuildFile section */

/* Begin PBXFileReference section */
		AB0B58A62A87BBD100F503D7 /* WebViewController.swift */ = {isa = PBXFileReference; lastKnownFileType = sourcecode.swift; path = WebViewController.swift; sourceTree = "<group>"; };
		AB612AE62A4EB7D500A052EE /* UnsplashFeed.app */ = {isa = PBXFileReference; explicitFileType = wrapper.application; includeInIndex = 0; path = UnsplashFeed.app; sourceTree = BUILT_PRODUCTS_DIR; };
		AB612AE92A4EB7D500A052EE /* AppDelegate.swift */ = {isa = PBXFileReference; lastKnownFileType = sourcecode.swift; path = AppDelegate.swift; sourceTree = "<group>"; };
		AB612AEB2A4EB7D500A052EE /* SceneDelegate.swift */ = {isa = PBXFileReference; lastKnownFileType = sourcecode.swift; path = SceneDelegate.swift; sourceTree = "<group>"; };
		AB612AED2A4EB7D500A052EE /* ImageListViewController.swift */ = {isa = PBXFileReference; lastKnownFileType = sourcecode.swift; path = ImageListViewController.swift; sourceTree = "<group>"; };
		AB612AF02A4EB7D500A052EE /* Base */ = {isa = PBXFileReference; lastKnownFileType = file.storyboard; name = Base; path = Base.lproj/Main.storyboard; sourceTree = "<group>"; };
		AB612AF52A4EB7D500A052EE /* Base */ = {isa = PBXFileReference; lastKnownFileType = file.storyboard; name = Base; path = Base.lproj/LaunchScreen.storyboard; sourceTree = "<group>"; };
		AB612AF72A4EB7D500A052EE /* Info.plist */ = {isa = PBXFileReference; lastKnownFileType = text.plist.xml; path = Info.plist; sourceTree = "<group>"; };
		AB612B012A54081400A052EE /* Assets.xcassets */ = {isa = PBXFileReference; lastKnownFileType = folder.assetcatalog; path = Assets.xcassets; sourceTree = "<group>"; };
		AB612B042A54095100A052EE /* UIColor+Extensions.swift */ = {isa = PBXFileReference; lastKnownFileType = sourcecode.swift; path = "UIColor+Extensions.swift"; sourceTree = "<group>"; };
		AB612B072A54142000A052EE /* ImageListPresenter.swift */ = {isa = PBXFileReference; lastKnownFileType = sourcecode.swift; path = ImageListPresenter.swift; sourceTree = "<group>"; };
		AB8884DC2A8D67810082FA6B /* UIBlockingProgressHUD.swift */ = {isa = PBXFileReference; lastKnownFileType = sourcecode.swift; path = UIBlockingProgressHUD.swift; sourceTree = "<group>"; };
		AB8884E02A91278B0082FA6B /* ProfilePropertiesResponseBody.swift */ = {isa = PBXFileReference; lastKnownFileType = sourcecode.swift; path = ProfilePropertiesResponseBody.swift; sourceTree = "<group>"; };
		AB8884E32A9129730082FA6B /* ProfilePropertiesModel.swift */ = {isa = PBXFileReference; lastKnownFileType = sourcecode.swift; path = ProfilePropertiesModel.swift; sourceTree = "<group>"; };
		AB8884E52A912A170082FA6B /* DataConverter.swift */ = {isa = PBXFileReference; lastKnownFileType = sourcecode.swift; path = DataConverter.swift; sourceTree = "<group>"; };
		AB8884E72A912C5F0082FA6B /* ProfileServiceProtocol.swift */ = {isa = PBXFileReference; lastKnownFileType = sourcecode.swift; path = ProfileServiceProtocol.swift; sourceTree = "<group>"; };
		AB8884EA2A912D8A0082FA6B /* ProfileService.swift */ = {isa = PBXFileReference; lastKnownFileType = sourcecode.swift; path = ProfileService.swift; sourceTree = "<group>"; };
		AB8884ED2A913CC20082FA6B /* ProfilePresenter.swift */ = {isa = PBXFileReference; lastKnownFileType = sourcecode.swift; path = ProfilePresenter.swift; sourceTree = "<group>"; };
		AB8884EF2A9148CD0082FA6B /* ProfileImageResponseBody.swift */ = {isa = PBXFileReference; lastKnownFileType = sourcecode.swift; path = ProfileImageResponseBody.swift; sourceTree = "<group>"; };
		AB8884F12A914E330082FA6B /* ProfileModel.swift */ = {isa = PBXFileReference; lastKnownFileType = sourcecode.swift; path = ProfileModel.swift; sourceTree = "<group>"; };
		AB8884F32A9150040082FA6B /* URLSessionServise.swift */ = {isa = PBXFileReference; lastKnownFileType = sourcecode.swift; path = URLSessionServise.swift; sourceTree = "<group>"; };
		ABA969232A87CB6E00581EA5 /* WebViewControllerDelegate.swift */ = {isa = PBXFileReference; lastKnownFileType = sourcecode.swift; path = WebViewControllerDelegate.swift; sourceTree = "<group>"; };
		ABA9692A2A88C67B00581EA5 /* OAuth2TokenRepository.swift */ = {isa = PBXFileReference; lastKnownFileType = sourcecode.swift; path = OAuth2TokenRepository.swift; sourceTree = "<group>"; };
		ABA9692C2A88C7A100581EA5 /* OAuth2TokenRepositoryImplUserDefaults.swift */ = {isa = PBXFileReference; lastKnownFileType = sourcecode.swift; path = OAuth2TokenRepositoryImplUserDefaults.swift; sourceTree = "<group>"; };
		ABA969332A88D44200581EA5 /* WebViewPresenter.swift */ = {isa = PBXFileReference; lastKnownFileType = sourcecode.swift; path = WebViewPresenter.swift; sourceTree = "<group>"; };
		ABA969352A88EAEF00581EA5 /* OAuth2Service.swift */ = {isa = PBXFileReference; lastKnownFileType = sourcecode.swift; path = OAuth2Service.swift; sourceTree = "<group>"; };
		ABA969372A88EBCB00581EA5 /* OAuthResponceBody.swift */ = {isa = PBXFileReference; lastKnownFileType = sourcecode.swift; path = OAuthResponceBody.swift; sourceTree = "<group>"; };
		ABA9693A2A88ECB700581EA5 /* NetworkError.swift */ = {isa = PBXFileReference; lastKnownFileType = sourcecode.swift; path = NetworkError.swift; sourceTree = "<group>"; };
		ABA9693C2A88F0BF00581EA5 /* URLRequest+Extensions.swift */ = {isa = PBXFileReference; lastKnownFileType = sourcecode.swift; path = "URLRequest+Extensions.swift"; sourceTree = "<group>"; };
		ABA9693E2A88F18400581EA5 /* URLSession+Extensions.swift */ = {isa = PBXFileReference; lastKnownFileType = sourcecode.swift; path = "URLSession+Extensions.swift"; sourceTree = "<group>"; };
		ABA969402A89049300581EA5 /* AuthViewPresenter.swift */ = {isa = PBXFileReference; lastKnownFileType = sourcecode.swift; path = AuthViewPresenter.swift; sourceTree = "<group>"; };
		ABA969422A89053500581EA5 /* OAuth2ServiceProtocol.swift */ = {isa = PBXFileReference; lastKnownFileType = sourcecode.swift; path = OAuth2ServiceProtocol.swift; sourceTree = "<group>"; };
		ABA969442A89059700581EA5 /* Creator.swift */ = {isa = PBXFileReference; lastKnownFileType = sourcecode.swift; path = Creator.swift; sourceTree = "<group>"; };
		ABA969492A8ABBE700581EA5 /* SplashViewController.swift */ = {isa = PBXFileReference; lastKnownFileType = sourcecode.swift; path = SplashViewController.swift; sourceTree = "<group>"; };
		ABA9694B2A8ABEB600581EA5 /* SplashViewPresenter.swift */ = {isa = PBXFileReference; lastKnownFileType = sourcecode.swift; path = SplashViewPresenter.swift; sourceTree = "<group>"; };
		ABB5D6CB2A7FB8960013A62E /* ProfileViewController.swift */ = {isa = PBXFileReference; lastKnownFileType = sourcecode.swift; path = ProfileViewController.swift; sourceTree = "<group>"; };
		ABB5D6D02A7FD3920013A62E /* SingleImageViewController.swift */ = {isa = PBXFileReference; lastKnownFileType = sourcecode.swift; path = SingleImageViewController.swift; sourceTree = "<group>"; };
		ABBBA4132A54239B007BBEBE /* ImageListCell.swift */ = {isa = PBXFileReference; lastKnownFileType = sourcecode.swift; path = ImageListCell.swift; sourceTree = "<group>"; };
		ABD1BA782A6002A90030753D /* ImageListCell.xib */ = {isa = PBXFileReference; lastKnownFileType = file.xib; path = ImageListCell.xib; sourceTree = "<group>"; };
		ABE529E52A9252EF00C711C8 /* OAuth2TokenRepositoryImplKeychain.swift */ = {isa = PBXFileReference; lastKnownFileType = sourcecode.swift; path = OAuth2TokenRepositoryImplKeychain.swift; sourceTree = "<group>"; };
		ABF0A22D2A879F0D003F2448 /* UnsplashApiParameters.swift */ = {isa = PBXFileReference; lastKnownFileType = sourcecode.swift; path = UnsplashApiParameters.swift; sourceTree = "<group>"; };
		ABF0A2302A87BA64003F2448 /* AuthViewController.swift */ = {isa = PBXFileReference; lastKnownFileType = sourcecode.swift; path = AuthViewController.swift; sourceTree = "<group>"; };
/* End PBXFileReference section */

/* Begin PBXFrameworksBuildPhase section */
		AB612AE32A4EB7D500A052EE /* Frameworks */ = {
			isa = PBXFrameworksBuildPhase;
			buildActionMask = 2147483647;
			files = (
				AB8884F72A9238100082FA6B /* Kingfisher in Frameworks */,
				AB8884DA2A8C16190082FA6B /* ProgressHUD in Frameworks */,
				ABE529E42A924F4B00C711C8 /* SwiftKeychainWrapper in Frameworks */,
			);
			runOnlyForDeploymentPostprocessing = 0;
		};
/* End PBXFrameworksBuildPhase section */

/* Begin PBXGroup section */
		AB612ADD2A4EB7D500A052EE = {
			isa = PBXGroup;
			children = (
				AB612AE82A4EB7D500A052EE /* UnsplashFeed */,
				AB612AE72A4EB7D500A052EE /* Products */,
			);
			sourceTree = "<group>";
		};
		AB612AE72A4EB7D500A052EE /* Products */ = {
			isa = PBXGroup;
			children = (
				AB612AE62A4EB7D500A052EE /* UnsplashFeed.app */,
			);
			name = Products;
			sourceTree = "<group>";
		};
		AB612AE82A4EB7D500A052EE /* UnsplashFeed */ = {
			isa = PBXGroup;
			children = (
				ABA969262A88C4D800581EA5 /* Root */,
				AB612AEF2A4EB7D500A052EE /* Main.storyboard */,
				ABF0A2252A824CA5003F2448 /* Features */,
				AB612AF72A4EB7D500A052EE /* Info.plist */,
				AB612B032A54091C00A052EE /* Helpers */,
				AB612B002A54011E00A052EE /* Resources */,
				AB612AE92A4EB7D500A052EE /* AppDelegate.swift */,
				AB612AEB2A4EB7D500A052EE /* SceneDelegate.swift */,
			);
			path = UnsplashFeed;
			sourceTree = "<group>";
		};
		AB612B002A54011E00A052EE /* Resources */ = {
			isa = PBXGroup;
			children = (
				AB612AF42A4EB7D500A052EE /* LaunchScreen.storyboard */,
				AB612B012A54081400A052EE /* Assets.xcassets */,
			);
			path = Resources;
			sourceTree = "<group>";
		};
		AB612B032A54091C00A052EE /* Helpers */ = {
			isa = PBXGroup;
			children = (
				AB612B042A54095100A052EE /* UIColor+Extensions.swift */,
				ABA9693C2A88F0BF00581EA5 /* URLRequest+Extensions.swift */,
				ABA9693E2A88F18400581EA5 /* URLSession+Extensions.swift */,
			);
			path = Helpers;
			sourceTree = "<group>";
		};
		AB612B062A54139400A052EE /* ImageFeed */ = {
			isa = PBXGroup;
			children = (
				ABF0A2262A824CF6003F2448 /* Presentation */,
			);
			path = ImageFeed;
			sourceTree = "<group>";
		};
		AB8884DB2A8D67410082FA6B /* Presentation */ = {
			isa = PBXGroup;
			children = (
				AB8884DC2A8D67810082FA6B /* UIBlockingProgressHUD.swift */,
			);
			path = Presentation;
			sourceTree = "<group>";
		};
		AB8884DE2A9127530082FA6B /* Data */ = {
			isa = PBXGroup;
			children = (
				AB8884DF2A91275D0082FA6B /* Network */,
			);
			path = Data;
			sourceTree = "<group>";
		};
		AB8884DF2A91275D0082FA6B /* Network */ = {
			isa = PBXGroup;
			children = (
				AB8884E02A91278B0082FA6B /* ProfilePropertiesResponseBody.swift */,
				AB8884EF2A9148CD0082FA6B /* ProfileImageResponseBody.swift */,
				AB8884EA2A912D8A0082FA6B /* ProfileService.swift */,
			);
			path = Network;
			sourceTree = "<group>";
		};
		AB8884E22A9129610082FA6B /* Model */ = {
			isa = PBXGroup;
			children = (
				AB8884E32A9129730082FA6B /* ProfilePropertiesModel.swift */,
				AB8884F12A914E330082FA6B /* ProfileModel.swift */,
			);
			path = Model;
			sourceTree = "<group>";
		};
		AB8884E92A912C840082FA6B /* Protocols */ = {
			isa = PBXGroup;
			children = (
				AB8884E72A912C5F0082FA6B /* ProfileServiceProtocol.swift */,
			);
			path = Protocols;
			sourceTree = "<group>";
		};
		AB8884EC2A912D9F0082FA6B /* Network */ = {
			isa = PBXGroup;
			children = (
				ABA9693A2A88ECB700581EA5 /* NetworkError.swift */,
				AB8884F32A9150040082FA6B /* URLSessionServise.swift */,
			);
			path = Network;
			sourceTree = "<group>";
		};
		ABA969252A87CCBD00581EA5 /* Protocols */ = {
			isa = PBXGroup;
			children = (
				ABA969232A87CB6E00581EA5 /* WebViewControllerDelegate.swift */,
				ABA969422A89053500581EA5 /* OAuth2ServiceProtocol.swift */,
			);
			path = Protocols;
			sourceTree = "<group>";
		};
		ABA969262A88C4D800581EA5 /* Root */ = {
			isa = PBXGroup;
			children = (
				AB8884DB2A8D67410082FA6B /* Presentation */,
				ABA969292A88C55A00581EA5 /* Repository */,
				ABA969272A88C4F700581EA5 /* Data */,
				ABA969442A89059700581EA5 /* Creator.swift */,
			);
			path = Root;
			sourceTree = "<group>";
		};
		ABA969272A88C4F700581EA5 /* Data */ = {
			isa = PBXGroup;
			children = (
				ABF0A22D2A879F0D003F2448 /* UnsplashApiParameters.swift */,
				AB8884EC2A912D9F0082FA6B /* Network */,
				ABA9692C2A88C7A100581EA5 /* OAuth2TokenRepositoryImplUserDefaults.swift */,
				AB8884E52A912A170082FA6B /* DataConverter.swift */,
				ABE529E52A9252EF00C711C8 /* OAuth2TokenRepositoryImplKeychain.swift */,
			);
			path = Data;
			sourceTree = "<group>";
		};
		ABA969292A88C55A00581EA5 /* Repository */ = {
			isa = PBXGroup;
			children = (
				ABA9692A2A88C67B00581EA5 /* OAuth2TokenRepository.swift */,
			);
			path = Repository;
			sourceTree = "<group>";
		};
		ABA9692E2A88CD7900581EA5 /* Presentation */ = {
			isa = PBXGroup;
			children = (
				ABA969482A8ABB8300581EA5 /* SplashView */,
				ABA969472A8ABB4D00581EA5 /* AuthView */,
				ABA969462A8ABB2800581EA5 /* WebView */,
			);
			path = Presentation;
			sourceTree = "<group>";
		};
		ABA969312A88CDCA00581EA5 /* Data */ = {
			isa = PBXGroup;
			children = (
				ABA969322A88CDF100581EA5 /* Network */,
			);
			path = Data;
			sourceTree = "<group>";
		};
		ABA969322A88CDF100581EA5 /* Network */ = {
			isa = PBXGroup;
			children = (
				ABA969372A88EBCB00581EA5 /* OAuthResponceBody.swift */,
				ABA969352A88EAEF00581EA5 /* OAuth2Service.swift */,
			);
			path = Network;
			sourceTree = "<group>";
		};
		ABA969462A8ABB2800581EA5 /* WebView */ = {
			isa = PBXGroup;
			children = (
				AB0B58A62A87BBD100F503D7 /* WebViewController.swift */,
				ABA969332A88D44200581EA5 /* WebViewPresenter.swift */,
			);
			path = WebView;
			sourceTree = "<group>";
		};
		ABA969472A8ABB4D00581EA5 /* AuthView */ = {
			isa = PBXGroup;
			children = (
				ABF0A2302A87BA64003F2448 /* AuthViewController.swift */,
				ABA969402A89049300581EA5 /* AuthViewPresenter.swift */,
			);
			path = AuthView;
			sourceTree = "<group>";
		};
		ABA969482A8ABB8300581EA5 /* SplashView */ = {
			isa = PBXGroup;
			children = (
				ABA969492A8ABBE700581EA5 /* SplashViewController.swift */,
				ABA9694B2A8ABEB600581EA5 /* SplashViewPresenter.swift */,
			);
			path = SplashView;
			sourceTree = "<group>";
		};
		ABB5D6CA2A7FB81A0013A62E /* Profile */ = {
			isa = PBXGroup;
			children = (
				AB8884E92A912C840082FA6B /* Protocols */,
				AB8884E22A9129610082FA6B /* Model */,
				AB8884DE2A9127530082FA6B /* Data */,
				ABF0A2272A824D23003F2448 /* Presentation */,
			);
			path = Profile;
			sourceTree = "<group>";
		};
		ABB5D6CF2A7FD3610013A62E /* SingleImageView */ = {
			isa = PBXGroup;
			children = (
				ABF0A2282A824D35003F2448 /* Presentation */,
			);
			path = SingleImageView;
			sourceTree = "<group>";
		};
		ABF0A2252A824CA5003F2448 /* Features */ = {
			isa = PBXGroup;
			children = (
				ABF0A22F2A87A1C5003F2448 /* Authorization */,
				AB612B062A54139400A052EE /* ImageFeed */,
				ABB5D6CA2A7FB81A0013A62E /* Profile */,
				ABB5D6CF2A7FD3610013A62E /* SingleImageView */,
			);
			path = Features;
			sourceTree = "<group>";
		};
		ABF0A2262A824CF6003F2448 /* Presentation */ = {
			isa = PBXGroup;
			children = (
				AB612AED2A4EB7D500A052EE /* ImageListViewController.swift */,
				AB612B072A54142000A052EE /* ImageListPresenter.swift */,
				ABBBA4132A54239B007BBEBE /* ImageListCell.swift */,
				ABD1BA782A6002A90030753D /* ImageListCell.xib */,
			);
			path = Presentation;
			sourceTree = "<group>";
		};
		ABF0A2272A824D23003F2448 /* Presentation */ = {
			isa = PBXGroup;
			children = (
				ABB5D6CB2A7FB8960013A62E /* ProfileViewController.swift */,
				AB8884ED2A913CC20082FA6B /* ProfilePresenter.swift */,
			);
			path = Presentation;
			sourceTree = "<group>";
		};
		ABF0A2282A824D35003F2448 /* Presentation */ = {
			isa = PBXGroup;
			children = (
				ABB5D6D02A7FD3920013A62E /* SingleImageViewController.swift */,
			);
			path = Presentation;
			sourceTree = "<group>";
		};
		ABF0A22F2A87A1C5003F2448 /* Authorization */ = {
			isa = PBXGroup;
			children = (
				ABA969312A88CDCA00581EA5 /* Data */,
				ABA9692E2A88CD7900581EA5 /* Presentation */,
				ABA969252A87CCBD00581EA5 /* Protocols */,
			);
			path = Authorization;
			sourceTree = "<group>";
		};
/* End PBXGroup section */

/* Begin PBXNativeTarget section */
		AB612AE52A4EB7D500A052EE /* UnsplashFeed */ = {
			isa = PBXNativeTarget;
			buildConfigurationList = AB612AFA2A4EB7D500A052EE /* Build configuration list for PBXNativeTarget "UnsplashFeed" */;
			buildPhases = (
				AB612AE22A4EB7D500A052EE /* Sources */,
				AB612AE32A4EB7D500A052EE /* Frameworks */,
				AB612AE42A4EB7D500A052EE /* Resources */,
			);
			buildRules = (
			);
			dependencies = (
			);
			name = UnsplashFeed;
			packageProductDependencies = (
				AB8884D92A8C16190082FA6B /* ProgressHUD */,
				AB8884F62A9238100082FA6B /* Kingfisher */,
				ABE529E32A924F4B00C711C8 /* SwiftKeychainWrapper */,
			);
			productName = UnsplashFeed;
			productReference = AB612AE62A4EB7D500A052EE /* UnsplashFeed.app */;
			productType = "com.apple.product-type.application";
		};
/* End PBXNativeTarget section */

/* Begin PBXProject section */
		AB612ADE2A4EB7D500A052EE /* Project object */ = {
			isa = PBXProject;
			attributes = {
				BuildIndependentTargetsInParallel = 1;
				LastSwiftUpdateCheck = 1430;
				LastUpgradeCheck = 1430;
				TargetAttributes = {
					AB612AE52A4EB7D500A052EE = {
						CreatedOnToolsVersion = 14.3.1;
					};
				};
			};
			buildConfigurationList = AB612AE12A4EB7D500A052EE /* Build configuration list for PBXProject "UnsplashFeed" */;
			compatibilityVersion = "Xcode 14.0";
			developmentRegion = en;
			hasScannedForEncodings = 0;
			knownRegions = (
				en,
				Base,
			);
			mainGroup = AB612ADD2A4EB7D500A052EE;
			packageReferences = (
				AB8884D82A8C16190082FA6B /* XCRemoteSwiftPackageReference "ProgressHUD" */,
				AB8884F52A9238100082FA6B /* XCRemoteSwiftPackageReference "Kingfisher" */,
				ABE529E22A924F4A00C711C8 /* XCRemoteSwiftPackageReference "SwiftKeychainWrapper" */,
			);
			productRefGroup = AB612AE72A4EB7D500A052EE /* Products */;
			projectDirPath = "";
			projectRoot = "";
			targets = (
				AB612AE52A4EB7D500A052EE /* UnsplashFeed */,
			);
		};
/* End PBXProject section */

/* Begin PBXResourcesBuildPhase section */
		AB612AE42A4EB7D500A052EE /* Resources */ = {
			isa = PBXResourcesBuildPhase;
			buildActionMask = 2147483647;
			files = (
				AB612AF62A4EB7D500A052EE /* LaunchScreen.storyboard in Resources */,
				ABD1BA792A6002A90030753D /* ImageListCell.xib in Resources */,
				AB612B022A54081400A052EE /* Assets.xcassets in Resources */,
				AB612AF12A4EB7D500A052EE /* Main.storyboard in Resources */,
			);
			runOnlyForDeploymentPostprocessing = 0;
		};
/* End PBXResourcesBuildPhase section */

/* Begin PBXSourcesBuildPhase section */
		AB612AE22A4EB7D500A052EE /* Sources */ = {
			isa = PBXSourcesBuildPhase;
			buildActionMask = 2147483647;
			files = (
				ABA9694C2A8ABEB600581EA5 /* SplashViewPresenter.swift in Sources */,
				ABA9693F2A88F18400581EA5 /* URLSession+Extensions.swift in Sources */,
				AB612AEE2A4EB7D500A052EE /* ImageListViewController.swift in Sources */,
				AB0B58A72A87BBD100F503D7 /* WebViewController.swift in Sources */,
				ABA969362A88EAEF00581EA5 /* OAuth2Service.swift in Sources */,
				ABA9692B2A88C67B00581EA5 /* OAuth2TokenRepository.swift in Sources */,
				AB8884E62A912A170082FA6B /* DataConverter.swift in Sources */,
				ABA9692D2A88C7A100581EA5 /* OAuth2TokenRepositoryImplUserDefaults.swift in Sources */,
				ABBBA4142A54239B007BBEBE /* ImageListCell.swift in Sources */,
				AB8884F22A914E330082FA6B /* ProfileModel.swift in Sources */,
				ABF0A2312A87BA64003F2448 /* AuthViewController.swift in Sources */,
				AB612B082A54142000A052EE /* ImageListPresenter.swift in Sources */,
				AB8884EB2A912D8A0082FA6B /* ProfileService.swift in Sources */,
				ABA9693D2A88F0BF00581EA5 /* URLRequest+Extensions.swift in Sources */,
				AB8884F42A9150040082FA6B /* URLSessionServise.swift in Sources */,
				AB612AEA2A4EB7D500A052EE /* AppDelegate.swift in Sources */,
				AB8884E82A912C5F0082FA6B /* ProfileServiceProtocol.swift in Sources */,
				ABB5D6CC2A7FB8960013A62E /* ProfileViewController.swift in Sources */,
				AB612AEC2A4EB7D500A052EE /* SceneDelegate.swift in Sources */,
				AB8884F02A9148CD0082FA6B /* ProfileImageResponseBody.swift in Sources */,
				ABA969342A88D44200581EA5 /* WebViewPresenter.swift in Sources */,
				ABA969432A89053500581EA5 /* OAuth2ServiceProtocol.swift in Sources */,
				ABA9694A2A8ABBE700581EA5 /* SplashViewController.swift in Sources */,
				AB8884E42A9129730082FA6B /* ProfilePropertiesModel.swift in Sources */,
				ABB5D6D12A7FD3920013A62E /* SingleImageViewController.swift in Sources */,
				ABA969382A88EBCB00581EA5 /* OAuthResponceBody.swift in Sources */,
				AB8884E12A91278B0082FA6B /* ProfilePropertiesResponseBody.swift in Sources */,
				AB8884DD2A8D67810082FA6B /* UIBlockingProgressHUD.swift in Sources */,
				ABA969412A89049300581EA5 /* AuthViewPresenter.swift in Sources */,
				AB8884EE2A913CC20082FA6B /* ProfilePresenter.swift in Sources */,
				AB612B052A54095100A052EE /* UIColor+Extensions.swift in Sources */,
				ABA9693B2A88ECB700581EA5 /* NetworkError.swift in Sources */,
				ABE529E62A9252EF00C711C8 /* OAuth2TokenRepositoryImplKeychain.swift in Sources */,
				ABA969242A87CB6E00581EA5 /* WebViewControllerDelegate.swift in Sources */,
				ABA969452A89059700581EA5 /* Creator.swift in Sources */,
				ABF0A22E2A879F0D003F2448 /* UnsplashApiParameters.swift in Sources */,
			);
			runOnlyForDeploymentPostprocessing = 0;
		};
/* End PBXSourcesBuildPhase section */

/* Begin PBXVariantGroup section */
		AB612AEF2A4EB7D500A052EE /* Main.storyboard */ = {
			isa = PBXVariantGroup;
			children = (
				AB612AF02A4EB7D500A052EE /* Base */,
			);
			name = Main.storyboard;
			sourceTree = "<group>";
		};
		AB612AF42A4EB7D500A052EE /* LaunchScreen.storyboard */ = {
			isa = PBXVariantGroup;
			children = (
				AB612AF52A4EB7D500A052EE /* Base */,
			);
			name = LaunchScreen.storyboard;
			sourceTree = "<group>";
		};
/* End PBXVariantGroup section */

/* Begin XCBuildConfiguration section */
		AB612AF82A4EB7D500A052EE /* Debug */ = {
			isa = XCBuildConfiguration;
			buildSettings = {
				ALWAYS_SEARCH_USER_PATHS = NO;
				CLANG_ANALYZER_NONNULL = YES;
				CLANG_ANALYZER_NUMBER_OBJECT_CONVERSION = YES_AGGRESSIVE;
				CLANG_CXX_LANGUAGE_STANDARD = "gnu++20";
				CLANG_ENABLE_MODULES = YES;
				CLANG_ENABLE_OBJC_ARC = YES;
				CLANG_ENABLE_OBJC_WEAK = YES;
				CLANG_WARN_BLOCK_CAPTURE_AUTORELEASING = YES;
				CLANG_WARN_BOOL_CONVERSION = YES;
				CLANG_WARN_COMMA = YES;
				CLANG_WARN_CONSTANT_CONVERSION = YES;
				CLANG_WARN_DEPRECATED_OBJC_IMPLEMENTATIONS = YES;
				CLANG_WARN_DIRECT_OBJC_ISA_USAGE = YES_ERROR;
				CLANG_WARN_DOCUMENTATION_COMMENTS = YES;
				CLANG_WARN_EMPTY_BODY = YES;
				CLANG_WARN_ENUM_CONVERSION = YES;
				CLANG_WARN_INFINITE_RECURSION = YES;
				CLANG_WARN_INT_CONVERSION = YES;
				CLANG_WARN_NON_LITERAL_NULL_CONVERSION = YES;
				CLANG_WARN_OBJC_IMPLICIT_RETAIN_SELF = YES;
				CLANG_WARN_OBJC_LITERAL_CONVERSION = YES;
				CLANG_WARN_OBJC_ROOT_CLASS = YES_ERROR;
				CLANG_WARN_QUOTED_INCLUDE_IN_FRAMEWORK_HEADER = YES;
				CLANG_WARN_RANGE_LOOP_ANALYSIS = YES;
				CLANG_WARN_STRICT_PROTOTYPES = YES;
				CLANG_WARN_SUSPICIOUS_MOVE = YES;
				CLANG_WARN_UNGUARDED_AVAILABILITY = YES_AGGRESSIVE;
				CLANG_WARN_UNREACHABLE_CODE = YES;
				CLANG_WARN__DUPLICATE_METHOD_MATCH = YES;
				COPY_PHASE_STRIP = NO;
				DEBUG_INFORMATION_FORMAT = dwarf;
				ENABLE_STRICT_OBJC_MSGSEND = YES;
				ENABLE_TESTABILITY = YES;
				GCC_C_LANGUAGE_STANDARD = gnu11;
				GCC_DYNAMIC_NO_PIC = NO;
				GCC_NO_COMMON_BLOCKS = YES;
				GCC_OPTIMIZATION_LEVEL = 0;
				GCC_PREPROCESSOR_DEFINITIONS = (
					"DEBUG=1",
					"$(inherited)",
				);
				GCC_WARN_64_TO_32_BIT_CONVERSION = YES;
				GCC_WARN_ABOUT_RETURN_TYPE = YES_ERROR;
				GCC_WARN_UNDECLARED_SELECTOR = YES;
				GCC_WARN_UNINITIALIZED_AUTOS = YES_AGGRESSIVE;
				GCC_WARN_UNUSED_FUNCTION = YES;
				GCC_WARN_UNUSED_VARIABLE = YES;
				IPHONEOS_DEPLOYMENT_TARGET = 16.4;
				MTL_ENABLE_DEBUG_INFO = INCLUDE_SOURCE;
				MTL_FAST_MATH = YES;
				ONLY_ACTIVE_ARCH = YES;
				SDKROOT = iphoneos;
				SWIFT_ACTIVE_COMPILATION_CONDITIONS = DEBUG;
				SWIFT_OPTIMIZATION_LEVEL = "-Onone";
			};
			name = Debug;
		};
		AB612AF92A4EB7D500A052EE /* Release */ = {
			isa = XCBuildConfiguration;
			buildSettings = {
				ALWAYS_SEARCH_USER_PATHS = NO;
				CLANG_ANALYZER_NONNULL = YES;
				CLANG_ANALYZER_NUMBER_OBJECT_CONVERSION = YES_AGGRESSIVE;
				CLANG_CXX_LANGUAGE_STANDARD = "gnu++20";
				CLANG_ENABLE_MODULES = YES;
				CLANG_ENABLE_OBJC_ARC = YES;
				CLANG_ENABLE_OBJC_WEAK = YES;
				CLANG_WARN_BLOCK_CAPTURE_AUTORELEASING = YES;
				CLANG_WARN_BOOL_CONVERSION = YES;
				CLANG_WARN_COMMA = YES;
				CLANG_WARN_CONSTANT_CONVERSION = YES;
				CLANG_WARN_DEPRECATED_OBJC_IMPLEMENTATIONS = YES;
				CLANG_WARN_DIRECT_OBJC_ISA_USAGE = YES_ERROR;
				CLANG_WARN_DOCUMENTATION_COMMENTS = YES;
				CLANG_WARN_EMPTY_BODY = YES;
				CLANG_WARN_ENUM_CONVERSION = YES;
				CLANG_WARN_INFINITE_RECURSION = YES;
				CLANG_WARN_INT_CONVERSION = YES;
				CLANG_WARN_NON_LITERAL_NULL_CONVERSION = YES;
				CLANG_WARN_OBJC_IMPLICIT_RETAIN_SELF = YES;
				CLANG_WARN_OBJC_LITERAL_CONVERSION = YES;
				CLANG_WARN_OBJC_ROOT_CLASS = YES_ERROR;
				CLANG_WARN_QUOTED_INCLUDE_IN_FRAMEWORK_HEADER = YES;
				CLANG_WARN_RANGE_LOOP_ANALYSIS = YES;
				CLANG_WARN_STRICT_PROTOTYPES = YES;
				CLANG_WARN_SUSPICIOUS_MOVE = YES;
				CLANG_WARN_UNGUARDED_AVAILABILITY = YES_AGGRESSIVE;
				CLANG_WARN_UNREACHABLE_CODE = YES;
				CLANG_WARN__DUPLICATE_METHOD_MATCH = YES;
				COPY_PHASE_STRIP = NO;
				DEBUG_INFORMATION_FORMAT = "dwarf-with-dsym";
				ENABLE_NS_ASSERTIONS = NO;
				ENABLE_STRICT_OBJC_MSGSEND = YES;
				GCC_C_LANGUAGE_STANDARD = gnu11;
				GCC_NO_COMMON_BLOCKS = YES;
				GCC_WARN_64_TO_32_BIT_CONVERSION = YES;
				GCC_WARN_ABOUT_RETURN_TYPE = YES_ERROR;
				GCC_WARN_UNDECLARED_SELECTOR = YES;
				GCC_WARN_UNINITIALIZED_AUTOS = YES_AGGRESSIVE;
				GCC_WARN_UNUSED_FUNCTION = YES;
				GCC_WARN_UNUSED_VARIABLE = YES;
				IPHONEOS_DEPLOYMENT_TARGET = 16.4;
				MTL_ENABLE_DEBUG_INFO = NO;
				MTL_FAST_MATH = YES;
				SDKROOT = iphoneos;
				SWIFT_COMPILATION_MODE = wholemodule;
				SWIFT_OPTIMIZATION_LEVEL = "-O";
				VALIDATE_PRODUCT = YES;
			};
			name = Release;
		};
		AB612AFB2A4EB7D500A052EE /* Debug */ = {
			isa = XCBuildConfiguration;
			buildSettings = {
				ASSETCATALOG_COMPILER_APPICON_NAME = AppIcon;
				ASSETCATALOG_COMPILER_GLOBAL_ACCENT_COLOR_NAME = AccentColor;
				CODE_SIGN_STYLE = Automatic;
				CURRENT_PROJECT_VERSION = 1;
				DEVELOPMENT_TEAM = 558TDNW6Z7;
				GENERATE_INFOPLIST_FILE = YES;
				INFOPLIST_FILE = UnsplashFeed/Info.plist;
				INFOPLIST_KEY_UIApplicationSupportsIndirectInputEvents = YES;
				INFOPLIST_KEY_UILaunchStoryboardName = LaunchScreen;
				INFOPLIST_KEY_UIMainStoryboardFile = Main;
				INFOPLIST_KEY_UISupportedInterfaceOrientations = UIInterfaceOrientationPortrait;
				INFOPLIST_KEY_UISupportedInterfaceOrientations_iPad = "UIInterfaceOrientationLandscapeLeft UIInterfaceOrientationLandscapeRight UIInterfaceOrientationPortrait";
				IPHONEOS_DEPLOYMENT_TARGET = 13.0;
				LD_RUNPATH_SEARCH_PATHS = (
					"$(inherited)",
					"@executable_path/Frameworks",
				);
				MARKETING_VERSION = 1.0;
				PRODUCT_BUNDLE_IDENTIFIER = ru.TheABCDEngineer.UnsplashFeed;
				PRODUCT_NAME = "$(TARGET_NAME)";
				SUPPORTED_PLATFORMS = "iphoneos iphonesimulator";
				SUPPORTS_MACCATALYST = NO;
				SUPPORTS_MAC_DESIGNED_FOR_IPHONE_IPAD = YES;
				SWIFT_EMIT_LOC_STRINGS = YES;
				SWIFT_VERSION = 5.0;
				TARGETED_DEVICE_FAMILY = 1;
			};
			name = Debug;
		};
		AB612AFC2A4EB7D500A052EE /* Release */ = {
			isa = XCBuildConfiguration;
			buildSettings = {
				ASSETCATALOG_COMPILER_APPICON_NAME = AppIcon;
				ASSETCATALOG_COMPILER_GLOBAL_ACCENT_COLOR_NAME = AccentColor;
				CODE_SIGN_STYLE = Automatic;
				CURRENT_PROJECT_VERSION = 1;
				DEVELOPMENT_TEAM = 558TDNW6Z7;
				GENERATE_INFOPLIST_FILE = YES;
				INFOPLIST_FILE = UnsplashFeed/Info.plist;
				INFOPLIST_KEY_UIApplicationSupportsIndirectInputEvents = YES;
				INFOPLIST_KEY_UILaunchStoryboardName = LaunchScreen;
				INFOPLIST_KEY_UIMainStoryboardFile = Main;
				INFOPLIST_KEY_UISupportedInterfaceOrientations = UIInterfaceOrientationPortrait;
				INFOPLIST_KEY_UISupportedInterfaceOrientations_iPad = "UIInterfaceOrientationLandscapeLeft UIInterfaceOrientationLandscapeRight UIInterfaceOrientationPortrait";
				IPHONEOS_DEPLOYMENT_TARGET = 13.0;
				LD_RUNPATH_SEARCH_PATHS = (
					"$(inherited)",
					"@executable_path/Frameworks",
				);
				MARKETING_VERSION = 1.0;
				PRODUCT_BUNDLE_IDENTIFIER = ru.TheABCDEngineer.UnsplashFeed;
				PRODUCT_NAME = "$(TARGET_NAME)";
				SUPPORTED_PLATFORMS = "iphoneos iphonesimulator";
				SUPPORTS_MACCATALYST = NO;
				SUPPORTS_MAC_DESIGNED_FOR_IPHONE_IPAD = YES;
				SWIFT_EMIT_LOC_STRINGS = YES;
				SWIFT_VERSION = 5.0;
				TARGETED_DEVICE_FAMILY = 1;
			};
			name = Release;
		};
/* End XCBuildConfiguration section */

/* Begin XCConfigurationList section */
		AB612AE12A4EB7D500A052EE /* Build configuration list for PBXProject "UnsplashFeed" */ = {
			isa = XCConfigurationList;
			buildConfigurations = (
				AB612AF82A4EB7D500A052EE /* Debug */,
				AB612AF92A4EB7D500A052EE /* Release */,
			);
			defaultConfigurationIsVisible = 0;
			defaultConfigurationName = Release;
		};
		AB612AFA2A4EB7D500A052EE /* Build configuration list for PBXNativeTarget "UnsplashFeed" */ = {
			isa = XCConfigurationList;
			buildConfigurations = (
				AB612AFB2A4EB7D500A052EE /* Debug */,
				AB612AFC2A4EB7D500A052EE /* Release */,
			);
			defaultConfigurationIsVisible = 0;
			defaultConfigurationName = Release;
		};
/* End XCConfigurationList section */

/* Begin XCRemoteSwiftPackageReference section */
		AB8884D82A8C16190082FA6B /* XCRemoteSwiftPackageReference "ProgressHUD" */ = {
			isa = XCRemoteSwiftPackageReference;
			repositoryURL = "https://github.com/relatedcode/ProgressHUD";
			requirement = {
				kind = exactVersion;
				version = 13.7.2;
			};
		};
		AB8884F52A9238100082FA6B /* XCRemoteSwiftPackageReference "Kingfisher" */ = {
			isa = XCRemoteSwiftPackageReference;
			repositoryURL = "https://github.com/onevcat/Kingfisher?ysclid=lljecjitp7889481554";
			requirement = {
				kind = exactVersion;
				version = 7.9.0;
			};
		};
		ABE529E22A924F4A00C711C8 /* XCRemoteSwiftPackageReference "SwiftKeychainWrapper" */ = {
			isa = XCRemoteSwiftPackageReference;
			repositoryURL = "https://github.com/jrendel/SwiftKeychainWrapper";
			requirement = {
				kind = exactVersion;
				version = 4.0.1;
			};
		};
/* End XCRemoteSwiftPackageReference section */

/* Begin XCSwiftPackageProductDependency section */
		AB8884D92A8C16190082FA6B /* ProgressHUD */ = {
			isa = XCSwiftPackageProductDependency;
			package = AB8884D82A8C16190082FA6B /* XCRemoteSwiftPackageReference "ProgressHUD" */;
			productName = ProgressHUD;
		};
		AB8884F62A9238100082FA6B /* Kingfisher */ = {
			isa = XCSwiftPackageProductDependency;
			package = AB8884F52A9238100082FA6B /* XCRemoteSwiftPackageReference "Kingfisher" */;
			productName = Kingfisher;
		};
		ABE529E32A924F4B00C711C8 /* SwiftKeychainWrapper */ = {
			isa = XCSwiftPackageProductDependency;
			package = ABE529E22A924F4A00C711C8 /* XCRemoteSwiftPackageReference "SwiftKeychainWrapper" */;
			productName = SwiftKeychainWrapper;
		};
/* End XCSwiftPackageProductDependency section */
	};
	rootObject = AB612ADE2A4EB7D500A052EE /* Project object */;
}
